// !$*UTF8*$!
{
	archiveVersion = 1;
	classes = {
	};
	objectVersion = 50;
	objects = {

/* Begin PBXBuildFile section */
		8639F90E247193EA003E5D01 /* TransferService.swift in Sources */ = {isa = PBXBuildFile; fileRef = 8639F90D247193EA003E5D01 /* TransferService.swift */; };
		8639F910247A5302003E5D01 /* Countdown.swift in Sources */ = {isa = PBXBuildFile; fileRef = 8639F90F247A5302003E5D01 /* Countdown.swift */; };
		8639F912247A5B6D003E5D01 /* TransferPeripheral.swift in Sources */ = {isa = PBXBuildFile; fileRef = 8639F911247A5B6D003E5D01 /* TransferPeripheral.swift */; };
		869A4F23246807F200AB0DB0 /* PerepheralViewController.swift in Sources */ = {isa = PBXBuildFile; fileRef = 869A4F22246807F200AB0DB0 /* PerepheralViewController.swift */; };
		869A4F2524685FA000AB0DB0 /* BluetoothManagerPerepheral.swift in Sources */ = {isa = PBXBuildFile; fileRef = 869A4F2424685FA000AB0DB0 /* BluetoothManagerPerepheral.swift */; };
		86B232C62466C1C7002E9613 /* AppDelegate.swift in Sources */ = {isa = PBXBuildFile; fileRef = 86B232C52466C1C7002E9613 /* AppDelegate.swift */; };
		86B232C82466C1C7002E9613 /* SceneDelegate.swift in Sources */ = {isa = PBXBuildFile; fileRef = 86B232C72466C1C7002E9613 /* SceneDelegate.swift */; };
		86B232CA2466C1C7002E9613 /* ViewControllerCentral.swift in Sources */ = {isa = PBXBuildFile; fileRef = 86B232C92466C1C7002E9613 /* ViewControllerCentral.swift */; };
		86B232CD2466C1C7002E9613 /* Main.storyboard in Resources */ = {isa = PBXBuildFile; fileRef = 86B232CB2466C1C7002E9613 /* Main.storyboard */; };
		86B232CF2466C1CA002E9613 /* Assets.xcassets in Resources */ = {isa = PBXBuildFile; fileRef = 86B232CE2466C1CA002E9613 /* Assets.xcassets */; };
		86B232D22466C1CA002E9613 /* LaunchScreen.storyboard in Resources */ = {isa = PBXBuildFile; fileRef = 86B232D02466C1CA002E9613 /* LaunchScreen.storyboard */; };
		86B232DA2466C408002E9613 /* ViewModelCentral.swift in Sources */ = {isa = PBXBuildFile; fileRef = 86B232D92466C408002E9613 /* ViewModelCentral.swift */; };
		86C555D2246D064F00A2E701 /* BluetoothManagerCentral.swift in Sources */ = {isa = PBXBuildFile; fileRef = 86C555D1246D064F00A2E701 /* BluetoothManagerCentral.swift */; };
		86D8A20E246894E90095AB20 /* PairViewController.swift in Sources */ = {isa = PBXBuildFile; fileRef = 86D8A20D246894E90095AB20 /* PairViewController.swift */; };
/* End PBXBuildFile section */

/* Begin PBXFileReference section */
		8639F90D247193EA003E5D01 /* TransferService.swift */ = {isa = PBXFileReference; lastKnownFileType = sourcecode.swift; path = TransferService.swift; sourceTree = "<group>"; };
		8639F90F247A5302003E5D01 /* Countdown.swift */ = {isa = PBXFileReference; lastKnownFileType = sourcecode.swift; path = Countdown.swift; sourceTree = "<group>"; };
		8639F911247A5B6D003E5D01 /* TransferPeripheral.swift */ = {isa = PBXFileReference; lastKnownFileType = sourcecode.swift; path = TransferPeripheral.swift; sourceTree = "<group>"; };
		869A4F22246807F200AB0DB0 /* PerepheralViewController.swift */ = {isa = PBXFileReference; lastKnownFileType = sourcecode.swift; path = PerepheralViewController.swift; sourceTree = "<group>"; };
		869A4F2424685FA000AB0DB0 /* BluetoothManagerPerepheral.swift */ = {isa = PBXFileReference; lastKnownFileType = sourcecode.swift; path = BluetoothManagerPerepheral.swift; sourceTree = "<group>"; };
		86B232C22466C1C7002E9613 /* BluetoothTest.app */ = {isa = PBXFileReference; explicitFileType = wrapper.application; includeInIndex = 0; path = BluetoothTest.app; sourceTree = BUILT_PRODUCTS_DIR; };
		86B232C52466C1C7002E9613 /* AppDelegate.swift */ = {isa = PBXFileReference; lastKnownFileType = sourcecode.swift; path = AppDelegate.swift; sourceTree = "<group>"; };
		86B232C72466C1C7002E9613 /* SceneDelegate.swift */ = {isa = PBXFileReference; lastKnownFileType = sourcecode.swift; path = SceneDelegate.swift; sourceTree = "<group>"; };
		86B232C92466C1C7002E9613 /* ViewControllerCentral.swift */ = {isa = PBXFileReference; lastKnownFileType = sourcecode.swift; path = ViewControllerCentral.swift; sourceTree = "<group>"; };
		86B232CC2466C1C7002E9613 /* Base */ = {isa = PBXFileReference; lastKnownFileType = file.storyboard; name = Base; path = Base.lproj/Main.storyboard; sourceTree = "<group>"; };
		86B232CE2466C1CA002E9613 /* Assets.xcassets */ = {isa = PBXFileReference; lastKnownFileType = folder.assetcatalog; path = Assets.xcassets; sourceTree = "<group>"; };
		86B232D12466C1CA002E9613 /* Base */ = {isa = PBXFileReference; lastKnownFileType = file.storyboard; name = Base; path = Base.lproj/LaunchScreen.storyboard; sourceTree = "<group>"; };
		86B232D32466C1CA002E9613 /* Info.plist */ = {isa = PBXFileReference; lastKnownFileType = text.plist.xml; path = Info.plist; sourceTree = "<group>"; };
		86B232D92466C408002E9613 /* ViewModelCentral.swift */ = {isa = PBXFileReference; lastKnownFileType = sourcecode.swift; path = ViewModelCentral.swift; sourceTree = "<group>"; };
		86C555D1246D064F00A2E701 /* BluetoothManagerCentral.swift */ = {isa = PBXFileReference; lastKnownFileType = sourcecode.swift; path = BluetoothManagerCentral.swift; sourceTree = "<group>"; };
		86D8A20D246894E90095AB20 /* PairViewController.swift */ = {isa = PBXFileReference; lastKnownFileType = sourcecode.swift; path = PairViewController.swift; sourceTree = "<group>"; };
/* End PBXFileReference section */

/* Begin PBXFrameworksBuildPhase section */
		86B232BF2466C1C7002E9613 /* Frameworks */ = {
			isa = PBXFrameworksBuildPhase;
			buildActionMask = 2147483647;
			files = (
			);
			runOnlyForDeploymentPostprocessing = 0;
		};
/* End PBXFrameworksBuildPhase section */

/* Begin PBXGroup section */
		86B232B92466C1C7002E9613 = {
			isa = PBXGroup;
			children = (
				86B232C42466C1C7002E9613 /* BluetoothTest */,
				86B232C32466C1C7002E9613 /* Products */,
			);
			sourceTree = "<group>";
		};
		86B232C32466C1C7002E9613 /* Products */ = {
			isa = PBXGroup;
			children = (
				86B232C22466C1C7002E9613 /* BluetoothTest.app */,
			);
			name = Products;
			sourceTree = "<group>";
		};
		86B232C42466C1C7002E9613 /* BluetoothTest */ = {
			isa = PBXGroup;
			children = (
				86B232C52466C1C7002E9613 /* AppDelegate.swift */,
				86B232C72466C1C7002E9613 /* SceneDelegate.swift */,
				8639F90D247193EA003E5D01 /* TransferService.swift */,
				8639F911247A5B6D003E5D01 /* TransferPeripheral.swift */,
				8639F90F247A5302003E5D01 /* Countdown.swift */,
				86C555D3246FC46100A2E701 /* Views */,
				86C555D4246FC48900A2E701 /* Central */,
				86C555D5246FC49500A2E701 /* Peripheral */,
				86B232CE2466C1CA002E9613 /* Assets.xcassets */,
				86B232D02466C1CA002E9613 /* LaunchScreen.storyboard */,
				86B232D32466C1CA002E9613 /* Info.plist */,
			);
			path = BluetoothTest;
			sourceTree = "<group>";
		};
		86C555D3246FC46100A2E701 /* Views */ = {
			isa = PBXGroup;
			children = (
				869A4F22246807F200AB0DB0 /* PerepheralViewController.swift */,
				86B232C92466C1C7002E9613 /* ViewControllerCentral.swift */,
				86B232D92466C408002E9613 /* ViewModelCentral.swift */,
				86D8A20D246894E90095AB20 /* PairViewController.swift */,
				86B232CB2466C1C7002E9613 /* Main.storyboard */,
			);
			path = Views;
			sourceTree = "<group>";
		};
		86C555D4246FC48900A2E701 /* Central */ = {
			isa = PBXGroup;
			children = (
				86C555D1246D064F00A2E701 /* BluetoothManagerCentral.swift */,
			);
			path = Central;
			sourceTree = "<group>";
		};
		86C555D5246FC49500A2E701 /* Peripheral */ = {
			isa = PBXGroup;
			children = (
				869A4F2424685FA000AB0DB0 /* BluetoothManagerPerepheral.swift */,
			);
			path = Peripheral;
			sourceTree = "<group>";
		};
/* End PBXGroup section */

/* Begin PBXNativeTarget section */
		86B232C12466C1C7002E9613 /* BluetoothTest */ = {
			isa = PBXNativeTarget;
			buildConfigurationList = 86B232D62466C1CA002E9613 /* Build configuration list for PBXNativeTarget "BluetoothTest" */;
			buildPhases = (
				86B232BE2466C1C7002E9613 /* Sources */,
				86B232BF2466C1C7002E9613 /* Frameworks */,
				86B232C02466C1C7002E9613 /* Resources */,
			);
			buildRules = (
			);
			dependencies = (
			);
			name = BluetoothTest;
			productName = BluetoothTest;
			productReference = 86B232C22466C1C7002E9613 /* BluetoothTest.app */;
			productType = "com.apple.product-type.application";
		};
/* End PBXNativeTarget section */

/* Begin PBXProject section */
		86B232BA2466C1C7002E9613 /* Project object */ = {
			isa = PBXProject;
			attributes = {
				LastSwiftUpdateCheck = 1140;
				LastUpgradeCheck = 1140;
				ORGANIZATIONNAME = "Radislav Gaynanov";
				TargetAttributes = {
					86B232C12466C1C7002E9613 = {
						CreatedOnToolsVersion = 11.4.1;
					};
				};
			};
			buildConfigurationList = 86B232BD2466C1C7002E9613 /* Build configuration list for PBXProject "BluetoothTest" */;
			compatibilityVersion = "Xcode 9.3";
			developmentRegion = en;
			hasScannedForEncodings = 0;
			knownRegions = (
				en,
				Base,
			);
			mainGroup = 86B232B92466C1C7002E9613;
			productRefGroup = 86B232C32466C1C7002E9613 /* Products */;
			projectDirPath = "";
			projectRoot = "";
			targets = (
				86B232C12466C1C7002E9613 /* BluetoothTest */,
			);
		};
/* End PBXProject section */

/* Begin PBXResourcesBuildPhase section */
		86B232C02466C1C7002E9613 /* Resources */ = {
			isa = PBXResourcesBuildPhase;
			buildActionMask = 2147483647;
			files = (
				86B232D22466C1CA002E9613 /* LaunchScreen.storyboard in Resources */,
				86B232CF2466C1CA002E9613 /* Assets.xcassets in Resources */,
				86B232CD2466C1C7002E9613 /* Main.storyboard in Resources */,
			);
			runOnlyForDeploymentPostprocessing = 0;
		};
/* End PBXResourcesBuildPhase section */

/* Begin PBXSourcesBuildPhase section */
		86B232BE2466C1C7002E9613 /* Sources */ = {
			isa = PBXSourcesBuildPhase;
			buildActionMask = 2147483647;
			files = (
				8639F90E247193EA003E5D01 /* TransferService.swift in Sources */,
				86B232CA2466C1C7002E9613 /* ViewControllerCentral.swift in Sources */,
				86B232C62466C1C7002E9613 /* AppDelegate.swift in Sources */,
				86B232DA2466C408002E9613 /* ViewModelCentral.swift in Sources */,
				86B232C82466C1C7002E9613 /* SceneDelegate.swift in Sources */,
				8639F912247A5B6D003E5D01 /* TransferPeripheral.swift in Sources */,
				869A4F2524685FA000AB0DB0 /* BluetoothManagerPerepheral.swift in Sources */,
				869A4F23246807F200AB0DB0 /* PerepheralViewController.swift in Sources */,
				8639F910247A5302003E5D01 /* Countdown.swift in Sources */,
				86C555D2246D064F00A2E701 /* BluetoothManagerCentral.swift in Sources */,
				86D8A20E246894E90095AB20 /* PairViewController.swift in Sources */,
			);
			runOnlyForDeploymentPostprocessing = 0;
		};
/* End PBXSourcesBuildPhase section */

/* Begin PBXVariantGroup section */
		86B232CB2466C1C7002E9613 /* Main.storyboard */ = {
			isa = PBXVariantGroup;
			children = (
				86B232CC2466C1C7002E9613 /* Base */,
			);
			name = Main.storyboard;
			sourceTree = "<group>";
		};
		86B232D02466C1CA002E9613 /* LaunchScreen.storyboard */ = {
			isa = PBXVariantGroup;
			children = (
				86B232D12466C1CA002E9613 /* Base */,
			);
			name = LaunchScreen.storyboard;
			sourceTree = "<group>";
		};
/* End PBXVariantGroup section */

/* Begin XCBuildConfiguration section */
		86B232D42466C1CA002E9613 /* Debug */ = {
			isa = XCBuildConfiguration;
			buildSettings = {
				ALWAYS_SEARCH_USER_PATHS = NO;
				CLANG_ANALYZER_NONNULL = YES;
				CLANG_ANALYZER_NUMBER_OBJECT_CONVERSION = YES_AGGRESSIVE;
				CLANG_CXX_LANGUAGE_STANDARD = "gnu++14";
				CLANG_CXX_LIBRARY = "libc++";
				CLANG_ENABLE_MODULES = YES;
				CLANG_ENABLE_OBJC_ARC = YES;
				CLANG_ENABLE_OBJC_WEAK = YES;
				CLANG_WARN_BLOCK_CAPTURE_AUTORELEASING = YES;
				CLANG_WARN_BOOL_CONVERSION = YES;
				CLANG_WARN_COMMA = YES;
				CLANG_WARN_CONSTANT_CONVERSION = YES;
				CLANG_WARN_DEPRECATED_OBJC_IMPLEMENTATIONS = YES;
				CLANG_WARN_DIRECT_OBJC_ISA_USAGE = YES_ERROR;
				CLANG_WARN_DOCUMENTATION_COMMENTS = YES;
				CLANG_WARN_EMPTY_BODY = YES;
				CLANG_WARN_ENUM_CONVERSION = YES;
				CLANG_WARN_INFINITE_RECURSION = YES;
				CLANG_WARN_INT_CONVERSION = YES;
				CLANG_WARN_NON_LITERAL_NULL_CONVERSION = YES;
				CLANG_WARN_OBJC_IMPLICIT_RETAIN_SELF = YES;
				CLANG_WARN_OBJC_LITERAL_CONVERSION = YES;
				CLANG_WARN_OBJC_ROOT_CLASS = YES_ERROR;
				CLANG_WARN_RANGE_LOOP_ANALYSIS = YES;
				CLANG_WARN_STRICT_PROTOTYPES = YES;
				CLANG_WARN_SUSPICIOUS_MOVE = YES;
				CLANG_WARN_UNGUARDED_AVAILABILITY = YES_AGGRESSIVE;
				CLANG_WARN_UNREACHABLE_CODE = YES;
				CLANG_WARN__DUPLICATE_METHOD_MATCH = YES;
				COPY_PHASE_STRIP = NO;
				DEBUG_INFORMATION_FORMAT = dwarf;
				ENABLE_STRICT_OBJC_MSGSEND = YES;
				ENABLE_TESTABILITY = YES;
				GCC_C_LANGUAGE_STANDARD = gnu11;
				GCC_DYNAMIC_NO_PIC = NO;
				GCC_NO_COMMON_BLOCKS = YES;
				GCC_OPTIMIZATION_LEVEL = 0;
				GCC_PREPROCESSOR_DEFINITIONS = (
					"DEBUG=1",
					"$(inherited)",
				);
				GCC_WARN_64_TO_32_BIT_CONVERSION = YES;
				GCC_WARN_ABOUT_RETURN_TYPE = YES_ERROR;
				GCC_WARN_UNDECLARED_SELECTOR = YES;
				GCC_WARN_UNINITIALIZED_AUTOS = YES_AGGRESSIVE;
				GCC_WARN_UNUSED_FUNCTION = YES;
				GCC_WARN_UNUSED_VARIABLE = YES;
				IPHONEOS_DEPLOYMENT_TARGET = 13.4;
				MTL_ENABLE_DEBUG_INFO = INCLUDE_SOURCE;
				MTL_FAST_MATH = YES;
				ONLY_ACTIVE_ARCH = YES;
				SDKROOT = iphoneos;
				SWIFT_ACTIVE_COMPILATION_CONDITIONS = DEBUG;
				SWIFT_OPTIMIZATION_LEVEL = "-Onone";
			};
			name = Debug;
		};
		86B232D52466C1CA002E9613 /* Release */ = {
			isa = XCBuildConfiguration;
			buildSettings = {
				ALWAYS_SEARCH_USER_PATHS = NO;
				CLANG_ANALYZER_NONNULL = YES;
				CLANG_ANALYZER_NUMBER_OBJECT_CONVERSION = YES_AGGRESSIVE;
				CLANG_CXX_LANGUAGE_STANDARD = "gnu++14";
				CLANG_CXX_LIBRARY = "libc++";
				CLANG_ENABLE_MODULES = YES;
				CLANG_ENABLE_OBJC_ARC = YES;
				CLANG_ENABLE_OBJC_WEAK = YES;
				CLANG_WARN_BLOCK_CAPTURE_AUTORELEASING = YES;
				CLANG_WARN_BOOL_CONVERSION = YES;
				CLANG_WARN_COMMA = YES;
				CLANG_WARN_CONSTANT_CONVERSION = YES;
				CLANG_WARN_DEPRECATED_OBJC_IMPLEMENTATIONS = YES;
				CLANG_WARN_DIRECT_OBJC_ISA_USAGE = YES_ERROR;
				CLANG_WARN_DOCUMENTATION_COMMENTS = YES;
				CLANG_WARN_EMPTY_BODY = YES;
				CLANG_WARN_ENUM_CONVERSION = YES;
				CLANG_WARN_INFINITE_RECURSION = YES;
				CLANG_WARN_INT_CONVERSION = YES;
				CLANG_WARN_NON_LITERAL_NULL_CONVERSION = YES;
				CLANG_WARN_OBJC_IMPLICIT_RETAIN_SELF = YES;
				CLANG_WARN_OBJC_LITERAL_CONVERSION = YES;
				CLANG_WARN_OBJC_ROOT_CLASS = YES_ERROR;
				CLANG_WARN_RANGE_LOOP_ANALYSIS = YES;
				CLANG_WARN_STRICT_PROTOTYPES = YES;
				CLANG_WARN_SUSPICIOUS_MOVE = YES;
				CLANG_WARN_UNGUARDED_AVAILABILITY = YES_AGGRESSIVE;
				CLANG_WARN_UNREACHABLE_CODE = YES;
				CLANG_WARN__DUPLICATE_METHOD_MATCH = YES;
				COPY_PHASE_STRIP = NO;
				DEBUG_INFORMATION_FORMAT = "dwarf-with-dsym";
				ENABLE_NS_ASSERTIONS = NO;
				ENABLE_STRICT_OBJC_MSGSEND = YES;
				GCC_C_LANGUAGE_STANDARD = gnu11;
				GCC_NO_COMMON_BLOCKS = YES;
				GCC_WARN_64_TO_32_BIT_CONVERSION = YES;
				GCC_WARN_ABOUT_RETURN_TYPE = YES_ERROR;
				GCC_WARN_UNDECLARED_SELECTOR = YES;
				GCC_WARN_UNINITIALIZED_AUTOS = YES_AGGRESSIVE;
				GCC_WARN_UNUSED_FUNCTION = YES;
				GCC_WARN_UNUSED_VARIABLE = YES;
				IPHONEOS_DEPLOYMENT_TARGET = 13.4;
				MTL_ENABLE_DEBUG_INFO = NO;
				MTL_FAST_MATH = YES;
				SDKROOT = iphoneos;
				SWIFT_COMPILATION_MODE = wholemodule;
				SWIFT_OPTIMIZATION_LEVEL = "-O";
				VALIDATE_PRODUCT = YES;
			};
			name = Release;
		};
		86B232D72466C1CA002E9613 /* Debug */ = {
			isa = XCBuildConfiguration;
			buildSettings = {
				ASSETCATALOG_COMPILER_APPICON_NAME = AppIcon;
				CODE_SIGN_STYLE = Automatic;
				DEVELOPMENT_TEAM = 76BLR948H9;
				INFOPLIST_FILE = BluetoothTest/Info.plist;
				IPHONEOS_DEPLOYMENT_TARGET = 12.4;
				LD_RUNPATH_SEARCH_PATHS = (
					"$(inherited)",
					"@executable_path/Frameworks",
				);
				PRODUCT_BUNDLE_IDENTIFIER = com.jerardev.BluetoothTest;
				PRODUCT_NAME = "$(TARGET_NAME)";
				SWIFT_VERSION = 5.0;
				TARGETED_DEVICE_FAMILY = 1;
			};
			name = Debug;
		};
		86B232D82466C1CA002E9613 /* Release */ = {
			isa = XCBuildConfiguration;
			buildSettings = {
				ASSETCATALOG_COMPILER_APPICON_NAME = AppIcon;
				CODE_SIGN_STYLE = Automatic;
				DEVELOPMENT_TEAM = 76BLR948H9;
				INFOPLIST_FILE = BluetoothTest/Info.plist;
				IPHONEOS_DEPLOYMENT_TARGET = 12.4;
				LD_RUNPATH_SEARCH_PATHS = (
					"$(inherited)",
					"@executable_path/Frameworks",
				);
				PRODUCT_BUNDLE_IDENTIFIER = com.jerardev.BluetoothTest;
				PRODUCT_NAME = "$(TARGET_NAME)";
				SWIFT_VERSION = 5.0;
				TARGETED_DEVICE_FAMILY = 1;
			};
			name = Release;
		};
/* End XCBuildConfiguration section */

/* Begin XCConfigurationList section */
		86B232BD2466C1C7002E9613 /* Build configuration list for PBXProject "BluetoothTest" */ = {
			isa = XCConfigurationList;
			buildConfigurations = (
				86B232D42466C1CA002E9613 /* Debug */,
				86B232D52466C1CA002E9613 /* Release */,
			);
			defaultConfigurationIsVisible = 0;
			defaultConfigurationName = Release;
		};
		86B232D62466C1CA002E9613 /* Build configuration list for PBXNativeTarget "BluetoothTest" */ = {
			isa = XCConfigurationList;
			buildConfigurations = (
				86B232D72466C1CA002E9613 /* Debug */,
				86B232D82466C1CA002E9613 /* Release */,
			);
			defaultConfigurationIsVisible = 0;
			defaultConfigurationName = Release;
		};
/* End XCConfigurationList section */
	};
	rootObject = 86B232BA2466C1C7002E9613 /* Project object */;
}
